
Microsoft Visual Studio Solution File, Format Version 12.00
# Visual Studio 15
VisualStudioVersion = 15.0.28307.421
MinimumVisualStudioVersion = 10.0.40219.1
Project("{FAE04EC0-301F-11D3-BF4B-00C04F79EFBC}") = "Laba-2", "Laba-2.csproj", "{70AAB6F8-4B19-44F5-971B-0E8C582EC791}"
EndProject
Global
	GlobalSection(SolutionConfigurationPlatforms) = preSolution
		Debug|Any CPU = Debug|Any CPU
		Release|Any CPU = Release|Any CPU
	EndGlobalSection
	GlobalSection(ProjectConfigurationPlatforms) = postSolution
		{70AAB6F8-4B19-44F5-971B-0E8C582EC791}.Debug|Any CPU.ActiveCfg = Debug|Any CPU
		{70AAB6F8-4B19-44F5-971B-0E8C582EC791}.Debug|Any CPU.Build.0 = Debug|Any CPU
		{70AAB6F8-4B19-44F5-971B-0E8C582EC791}.Release|Any CPU.ActiveCfg = Release|Any CPU
		{70AAB6F8-4B19-44F5-971B-0E8C582EC791}.Release|Any CPU.Build.0 = Release|Any CPU
	EndGlobalSection
	GlobalSection(SolutionProperties) = preSolution
		HideSolutionNode = FALSE
	EndGlobalSection
	GlobalSection(ExtensibilityGlobals) = postSolution
		SolutionGuid = {36902F3C-7B3F-40DD-BD4A-A6D9B0075759}
	EndGlobalSection
EndGlobal
